
Microsoft Visual Studio Solution File, Format Version 12.00
# Visual Studio Version 18
VisualStudioVersion = 18.0.10907.19
MinimumVisualStudioVersion = 10.0.40219.1
Project("{FAE04EC0-301F-11D3-BF4B-00C04F79EFBC}") = "TranslationTools", "TranslationTools\TranslationTools.csproj", "{BDA44CB5-3DEE-4ECD-8515-7058EEBEEF36}"
EndProject
Project("{2150E333-8FDC-42A3-9474-1A3956D46DE8}") = "Solution Items", "Solution Items", "{02EA681E-C7D8-13C7-8484-4AC65E1B71E8}"
	ProjectSection(SolutionItems) = preProject
		.editorconfig = .editorconfig
		prompt.md = prompt.md
	EndProjectSection
EndProject
Project("{FAE04EC0-301F-11D3-BF4B-00C04F79EFBC}") = "TranslationAgent", "TranslationAgent\TranslationAgent.csproj", "{DC3A6BD2-53B3-48F0-9B78-3ECD16AF2183}"
EndProject
Global
	GlobalSection(SolutionConfigurationPlatforms) = preSolution
		Debug|Any CPU = Debug|Any CPU
		Debug|x64 = Debug|x64
		Debug|x86 = Debug|x86
		Release|Any CPU = Release|Any CPU
		Release|x64 = Release|x64
		Release|x86 = Release|x86
	EndGlobalSection
	GlobalSection(ProjectConfigurationPlatforms) = postSolution
		{BDA44CB5-3DEE-4ECD-8515-7058EEBEEF36}.Debug|Any CPU.ActiveCfg = Debug|Any CPU
		{BDA44CB5-3DEE-4ECD-8515-7058EEBEEF36}.Debug|Any CPU.Build.0 = Debug|Any CPU
		{BDA44CB5-3DEE-4ECD-8515-7058EEBEEF36}.Debug|x64.ActiveCfg = Debug|Any CPU
		{BDA44CB5-3DEE-4ECD-8515-7058EEBEEF36}.Debug|x64.Build.0 = Debug|Any CPU
		{BDA44CB5-3DEE-4ECD-8515-7058EEBEEF36}.Debug|x86.ActiveCfg = Debug|Any CPU
		{BDA44CB5-3DEE-4ECD-8515-7058EEBEEF36}.Debug|x86.Build.0 = Debug|Any CPU
		{BDA44CB5-3DEE-4ECD-8515-7058EEBEEF36}.Release|Any CPU.ActiveCfg = Release|Any CPU
		{BDA44CB5-3DEE-4ECD-8515-7058EEBEEF36}.Release|Any CPU.Build.0 = Release|Any CPU
		{BDA44CB5-3DEE-4ECD-8515-7058EEBEEF36}.Release|x64.ActiveCfg = Release|Any CPU
		{BDA44CB5-3DEE-4ECD-8515-7058EEBEEF36}.Release|x64.Build.0 = Release|Any CPU
		{BDA44CB5-3DEE-4ECD-8515-7058EEBEEF36}.Release|x86.ActiveCfg = Release|Any CPU
		{BDA44CB5-3DEE-4ECD-8515-7058EEBEEF36}.Release|x86.Build.0 = Release|Any CPU
		{DC3A6BD2-53B3-48F0-9B78-3ECD16AF2183}.Debug|Any CPU.ActiveCfg = Debug|Any CPU
		{DC3A6BD2-53B3-48F0-9B78-3ECD16AF2183}.Debug|Any CPU.Build.0 = Debug|Any CPU
		{DC3A6BD2-53B3-48F0-9B78-3ECD16AF2183}.Debug|x64.ActiveCfg = Debug|Any CPU
		{DC3A6BD2-53B3-48F0-9B78-3ECD16AF2183}.Debug|x64.Build.0 = Debug|Any CPU
		{DC3A6BD2-53B3-48F0-9B78-3ECD16AF2183}.Debug|x86.ActiveCfg = Debug|Any CPU
		{DC3A6BD2-53B3-48F0-9B78-3ECD16AF2183}.Debug|x86.Build.0 = Debug|Any CPU
		{DC3A6BD2-53B3-48F0-9B78-3ECD16AF2183}.Release|Any CPU.ActiveCfg = Release|Any CPU
		{DC3A6BD2-53B3-48F0-9B78-3ECD16AF2183}.Release|Any CPU.Build.0 = Release|Any CPU
		{DC3A6BD2-53B3-48F0-9B78-3ECD16AF2183}.Release|x64.ActiveCfg = Release|Any CPU
		{DC3A6BD2-53B3-48F0-9B78-3ECD16AF2183}.Release|x64.Build.0 = Release|Any CPU
		{DC3A6BD2-53B3-48F0-9B78-3ECD16AF2183}.Release|x86.ActiveCfg = Release|Any CPU
		{DC3A6BD2-53B3-48F0-9B78-3ECD16AF2183}.Release|x86.Build.0 = Release|Any CPU
	EndGlobalSection
	GlobalSection(SolutionProperties) = preSolution
		HideSolutionNode = FALSE
	EndGlobalSection
	GlobalSection(ExtensibilityGlobals) = postSolution
		SolutionGuid = {2928483D-0275-4871-A159-33A862990CE7}
	EndGlobalSection
EndGlobal
